// !$*UTF8*$!
{
	archiveVersion = 1;
	classes = {
	};
	objectVersion = 50;
	objects = {

/* Begin PBXBuildFile section */
		6DD0A09D24017DC700F73A37 /* MUH-FRAMEWORK-NAME.h in Headers */ = {isa = PBXBuildFile; fileRef = 6DD0A09B24017DC700F73A37 /* MUH-FRAMEWORK-NAME.h */; settings = {ATTRIBUTES = (Public, ); }; };
		6DD0A0B624017DEA00F73A37 /* Assets.xcassets in Resources */ = {isa = PBXBuildFile; fileRef = 6DD0A0B524017DEA00F73A37 /* Assets.xcassets */; };
		6DD0A0B924017DEA00F73A37 /* LaunchScreen.storyboard in Resources */ = {isa = PBXBuildFile; fileRef = 6DD0A0B724017DEA00F73A37 /* LaunchScreen.storyboard */; };
		6DD0A0BC24017DEA00F73A37 /* main.m in Sources */ = {isa = PBXBuildFile; fileRef = 6DD0A0BB24017DEA00F73A37 /* main.m */; };
		6DD0A0D02402466B00F73A37 /* Main.m in Sources */ = {isa = PBXBuildFile; fileRef = 6DD0A0CE2402466B00F73A37 /* Main.m */; };
/* End PBXBuildFile section */

/* Begin PBXContainerItemProxy section */
		6DD0A0C024017DF100F73A37 /* PBXContainerItemProxy */ = {
			isa = PBXContainerItemProxy;
			containerPortal = 6DD0A08F24017DC700F73A37 /* Project object */;
			proxyType = 1;
			remoteGlobalIDString = 6DD0A09724017DC700F73A37;
			remoteInfo = "MUH-FRAMEWORK-NAME";
		};
/* End PBXContainerItemProxy section */

/* Begin PBXFileReference section */
		6DD0A09824017DC700F73A37 /* MUH_FRAMEWORK_NAME.framework */ = {isa = PBXFileReference; explicitFileType = wrapper.framework; includeInIndex = 0; path = MUH_FRAMEWORK_NAME.framework; sourceTree = BUILT_PRODUCTS_DIR; };
		6DD0A09B24017DC700F73A37 /* MUH-FRAMEWORK-NAME.h */ = {isa = PBXFileReference; lastKnownFileType = sourcecode.c.h; path = "MUH-FRAMEWORK-NAME.h"; sourceTree = "<group>"; };
		6DD0A09C24017DC700F73A37 /* Info.plist */ = {isa = PBXFileReference; lastKnownFileType = text.plist.xml; path = Info.plist; sourceTree = "<group>"; };
		6DD0A0A724017DE900F73A37 /* MUH-APP-NAME.app */ = {isa = PBXFileReference; explicitFileType = wrapper.application; includeInIndex = 0; path = "MUH-APP-NAME.app"; sourceTree = BUILT_PRODUCTS_DIR; };
		6DD0A0B524017DEA00F73A37 /* Assets.xcassets */ = {isa = PBXFileReference; lastKnownFileType = folder.assetcatalog; path = Assets.xcassets; sourceTree = "<group>"; };
		6DD0A0B824017DEA00F73A37 /* Base */ = {isa = PBXFileReference; lastKnownFileType = file.storyboard; name = Base; path = Base.lproj/LaunchScreen.storyboard; sourceTree = "<group>"; };
		6DD0A0BA24017DEA00F73A37 /* Info.plist */ = {isa = PBXFileReference; lastKnownFileType = text.plist.xml; path = Info.plist; sourceTree = "<group>"; };
		6DD0A0BB24017DEA00F73A37 /* main.m */ = {isa = PBXFileReference; lastKnownFileType = sourcecode.c.objc; path = main.m; sourceTree = "<group>"; };
		6DD0A0C324017E4900F73A37 /* PrefixHeader.pch */ = {isa = PBXFileReference; lastKnownFileType = sourcecode.c.h; path = PrefixHeader.pch; sourceTree = "<group>"; };
		6DD0A0C524017E8B00F73A37 /* MUH-APP-NAME.h */ = {isa = PBXFileReference; lastKnownFileType = sourcecode.c.h; path = "MUH-APP-NAME.h"; sourceTree = "<group>"; };
		6DD0A0CE2402466B00F73A37 /* Main.m */ = {isa = PBXFileReference; lastKnownFileType = sourcecode.c.objc; path = Main.m; sourceTree = "<group>"; };
		6DEA6985247048C2000BB26A /* Resources */ = {isa = PBXFileReference; lastKnownFileType = folder; path = Resources; sourceTree = "<group>"; };
		6DEA6986247048E0000BB26A /* Library */ = {isa = PBXFileReference; lastKnownFileType = folder; path = Library; sourceTree = "<group>"; };
/* End PBXFileReference section */

/* Begin PBXFrameworksBuildPhase section */
		6DD0A09524017DC700F73A37 /* Frameworks */ = {
			isa = PBXFrameworksBuildPhase;
			buildActionMask = 2147483647;
			files = (
			);
			runOnlyForDeploymentPostprocessing = 0;
		};
		6DD0A0A424017DE900F73A37 /* Frameworks */ = {
			isa = PBXFrameworksBuildPhase;
			buildActionMask = 2147483647;
			files = (
			);
			runOnlyForDeploymentPostprocessing = 0;
		};
/* End PBXFrameworksBuildPhase section */

/* Begin PBXGroup section */
		6DD0A08E24017DC700F73A37 = {
			isa = PBXGroup;
			children = (
				6DEA6986247048E0000BB26A /* Library */,
				6DEA6985247048C2000BB26A /* Resources */,
				6DD0A09A24017DC700F73A37 /* MUH-FRAMEWORK-NAME */,
				6DD0A0A824017DE900F73A37 /* MUH-APP-NAME */,
				6DD0A09924017DC700F73A37 /* Products */,
			);
			sourceTree = "<group>";
		};
		6DD0A09924017DC700F73A37 /* Products */ = {
			isa = PBXGroup;
			children = (
				6DD0A09824017DC700F73A37 /* MUH_FRAMEWORK_NAME.framework */,
				6DD0A0A724017DE900F73A37 /* MUH-APP-NAME.app */,
			);
			name = Products;
			sourceTree = "<group>";
		};
		6DD0A09A24017DC700F73A37 /* MUH-FRAMEWORK-NAME */ = {
			isa = PBXGroup;
			children = (
				6DD0A0C424017E8200F73A37 /* MUH-APP-NAME */,
				6DD0A09B24017DC700F73A37 /* MUH-FRAMEWORK-NAME.h */,
				6DD0A0C324017E4900F73A37 /* PrefixHeader.pch */,
				6DD0A0CE2402466B00F73A37 /* Main.m */,
				6DD0A09C24017DC700F73A37 /* Info.plist */,
			);
			path = "MUH-FRAMEWORK-NAME";
			sourceTree = "<group>";
		};
		6DD0A0A824017DE900F73A37 /* MUH-APP-NAME */ = {
			isa = PBXGroup;
			children = (
				6DD0A0B524017DEA00F73A37 /* Assets.xcassets */,
				6DD0A0B724017DEA00F73A37 /* LaunchScreen.storyboard */,
				6DD0A0BA24017DEA00F73A37 /* Info.plist */,
				6DD0A0BB24017DEA00F73A37 /* main.m */,
			);
			path = "MUH-APP-NAME";
			sourceTree = "<group>";
		};
		6DD0A0C424017E8200F73A37 /* MUH-APP-NAME */ = {
			isa = PBXGroup;
			children = (
				6DD0A0C524017E8B00F73A37 /* MUH-APP-NAME.h */,
			);
			path = "MUH-APP-NAME";
			sourceTree = "<group>";
		};
/* End PBXGroup section */

/* Begin PBXHeadersBuildPhase section */
		6DD0A09324017DC700F73A37 /* Headers */ = {
			isa = PBXHeadersBuildPhase;
			buildActionMask = 2147483647;
			files = (
				6DD0A09D24017DC700F73A37 /* MUH-FRAMEWORK-NAME.h in Headers */,
			);
			runOnlyForDeploymentPostprocessing = 0;
		};
/* End PBXHeadersBuildPhase section */

/* Begin PBXNativeTarget section */
		6DD0A09724017DC700F73A37 /* MUH-FRAMEWORK-NAME */ = {
			isa = PBXNativeTarget;
			buildConfigurationList = 6DD0A0A024017DC700F73A37 /* Build configuration list for PBXNativeTarget "MUH-FRAMEWORK-NAME" */;
			buildPhases = (
				6DD0A09324017DC700F73A37 /* Headers */,
				6DD0A09424017DC700F73A37 /* Sources */,
				6DD0A09524017DC700F73A37 /* Frameworks */,
				6DD0A09624017DC700F73A37 /* Resources */,
			);
			buildRules = (
			);
			dependencies = (
			);
			name = "MUH-FRAMEWORK-NAME";
			productName = "MUH-FRAMEWORK-NAME";
			productReference = 6DD0A09824017DC700F73A37 /* MUH_FRAMEWORK_NAME.framework */;
			productType = "com.apple.product-type.framework";
		};
		6DD0A0A624017DE900F73A37 /* MUH-APP-NAME */ = {
			isa = PBXNativeTarget;
			buildConfigurationList = 6DD0A0BD24017DEA00F73A37 /* Build configuration list for PBXNativeTarget "MUH-APP-NAME" */;
			buildPhases = (
				6DD0A0A324017DE900F73A37 /* Sources */,
				6DD0A0A424017DE900F73A37 /* Frameworks */,
				6DD0A0A524017DE900F73A37 /* Resources */,
				6DD0A0C224017DF400F73A37 /* ShellScript */,
			);
			buildRules = (
			);
			dependencies = (
				6DD0A0C124017DF100F73A37 /* PBXTargetDependency */,
			);
			name = "MUH-APP-NAME";
			productName = "MUH-APP-NAME";
			productReference = 6DD0A0A724017DE900F73A37 /* MUH-APP-NAME.app */;
			productType = "com.apple.product-type.application";
		};
/* End PBXNativeTarget section */

/* Begin PBXProject section */
		6DD0A08F24017DC700F73A37 /* Project object */ = {
			isa = PBXProject;
			attributes = {
				LastUpgradeCheck = 1130;
				ORGANIZATIONNAME = "MUH-ORGANIZATION-NAME";
				TargetAttributes = {
					6DD0A09724017DC700F73A37 = {
						CreatedOnToolsVersion = 11.3.1;
					};
					6DD0A0A624017DE900F73A37 = {
						CreatedOnToolsVersion = 11.3.1;
					};
				};
			};
			buildConfigurationList = 6DD0A09224017DC700F73A37 /* Build configuration list for PBXProject "MUH-FRAMEWORK-NAME" */;
			compatibilityVersion = "Xcode 9.3";
			developmentRegion = en;
			hasScannedForEncodings = 0;
			knownRegions = (
				en,
				Base,
			);
			mainGroup = 6DD0A08E24017DC700F73A37;
			productRefGroup = 6DD0A09924017DC700F73A37 /* Products */;
			projectDirPath = "";
			projectRoot = "";
			targets = (
				6DD0A0A624017DE900F73A37 /* MUH-APP-NAME */,
				6DD0A09724017DC700F73A37 /* MUH-FRAMEWORK-NAME */,
			);
		};
/* End PBXProject section */

/* Begin PBXResourcesBuildPhase section */
		6DD0A09624017DC700F73A37 /* Resources */ = {
			isa = PBXResourcesBuildPhase;
			buildActionMask = 2147483647;
			files = (
			);
			runOnlyForDeploymentPostprocessing = 0;
		};
		6DD0A0A524017DE900F73A37 /* Resources */ = {
			isa = PBXResourcesBuildPhase;
			buildActionMask = 2147483647;
			files = (
				6DD0A0B924017DEA00F73A37 /* LaunchScreen.storyboard in Resources */,
				6DD0A0B624017DEA00F73A37 /* Assets.xcassets in Resources */,
			);
			runOnlyForDeploymentPostprocessing = 0;
		};
/* End PBXResourcesBuildPhase section */

/* Begin PBXShellScriptBuildPhase section */
		6DD0A0C224017DF400F73A37 /* ShellScript */ = {
			isa = PBXShellScriptBuildPhase;
			buildActionMask = 2147483647;
			files = (
			);
			inputFileListPaths = (
			);
			inputPaths = (
			);
			outputFileListPaths = (
			);
			outputPaths = (
			);
			runOnlyForDeploymentPostprocessing = 0;
			shellPath = /bin/sh;
			shellScript = "#!/bin/bash\n\nFRAMEWORK_NAME=\"MUH-FRAMEWORK-NAME\"\n\n# 定义变量\nTARGET_APP_PATH=\"${BUILT_PRODUCTS_DIR}/${TARGET_NAME}.app\"\nPROVISION_PROFILE=\"/Users/${USER}/Library/MobileDevice/Provisioning Profiles\"\nOPTOOL=\"${SRCROOT}/Library/bin/optool\"\n\n# 预处理指令\nchmod 777 \"${OPTOOL}\"\n\n# 提取 LookinServer\nLOOKIN_CACHE=\"${BUILT_PRODUCTS_DIR}/LookinServer.framework\"\nif [[ -d \"${LOOKIN_CACHE}\" ]]; then\necho \"Found LookinServer.framework cache\"\nelse\necho \"Cache LookinServer.framework\"\ncp -r \"${TARGET_APP_PATH}/Frameworks/LookinServer.framework\" \"${LOOKIN_CACHE}\"\nfi\n\n# 替换 app 文件\nrm -rf \"${TARGET_APP_PATH}\"\ncp -r \"${SRCROOT}/Resources/Packages/${TARGET_NAME}.app\" \"${TARGET_APP_PATH}\"\n\n# 设置支持的设备\n/usr/libexec/PlistBuddy -c \"Add :UISupportedDevices: string ${TARGET_DEVICE_MODEL}\" \"${TARGET_APP_PATH}/Info.plist\"\n\n# 导入 Framework\nmkdir \"${TARGET_APP_PATH}/Frameworks\"\n\n# 导入 LookinServer\ncp -r \"${LOOKIN_CACHE}\" \"${TARGET_APP_PATH}/Frameworks/LookinServer.framework\"\n\"${OPTOOL}\" install -p \"@rpath/LookinServer.framework/LookinServer\" -t \"${TARGET_APP_PATH}/${TARGET_NAME}\"\n\n# 导入 AppPlugin.framework\ncp -r \"${BUILT_PRODUCTS_DIR}/${FRAMEWORK_NAME}.framework\" \"${TARGET_APP_PATH}/Frameworks/${FRAMEWORK_NAME}.framework\"\n\"${OPTOOL}\" install -p \"@rpath/${FRAMEWORK_NAME}.framework/${FRAMEWORK_NAME}\" -t \"${TARGET_APP_PATH}/${TARGET_NAME}\"\n\n# 设置可执行文件\nchmod 777 \"${TARGET_APP_PATH}/${TARGET_NAME}\"\n\n# 删除 PlugIns 文件夹\nrm -rf \"${TARGET_APP_PATH}/PlugIns\"\n\n# 删除 Watch 文件夹\nrm -rf \"${TARGET_APP_PATH}/Watch\"\n\n# 重签名 Frameworks 文件夹\nFrameworks=\"${TARGET_APP_PATH}/Frameworks\"\nfor file in $Frameworks/*; do\necho \"codesign -fs $file\"\ncodesign -fs \"${EXPANDED_CODE_SIGN_IDENTITY_NAME}\" \"$file\"\ndone\n\ncp \"${PROVISION_PROFILE}/${EXPANDED_PROVISIONING_PROFILE}.mobileprovision\" \"${TARGET_APP_PATH}/embedded.mobileprovision\"\n\n";
		};
/* End PBXShellScriptBuildPhase section */

/* Begin PBXSourcesBuildPhase section */
		6DD0A09424017DC700F73A37 /* Sources */ = {
			isa = PBXSourcesBuildPhase;
			buildActionMask = 2147483647;
			files = (
				6DD0A0D02402466B00F73A37 /* Main.m in Sources */,
			);
			runOnlyForDeploymentPostprocessing = 0;
		};
		6DD0A0A324017DE900F73A37 /* Sources */ = {
			isa = PBXSourcesBuildPhase;
			buildActionMask = 2147483647;
			files = (
				6DD0A0BC24017DEA00F73A37 /* main.m in Sources */,
			);
			runOnlyForDeploymentPostprocessing = 0;
		};
/* End PBXSourcesBuildPhase section */

/* Begin PBXTargetDependency section */
		6DD0A0C124017DF100F73A37 /* PBXTargetDependency */ = {
			isa = PBXTargetDependency;
			target = 6DD0A09724017DC700F73A37 /* MUH-FRAMEWORK-NAME */;
			targetProxy = 6DD0A0C024017DF100F73A37 /* PBXContainerItemProxy */;
		};
/* End PBXTargetDependency section */

/* Begin PBXVariantGroup section */
		6DD0A0B724017DEA00F73A37 /* LaunchScreen.storyboard */ = {
			isa = PBXVariantGroup;
			children = (
				6DD0A0B824017DEA00F73A37 /* Base */,
			);
			name = LaunchScreen.storyboard;
			sourceTree = "<group>";
		};
/* End PBXVariantGroup section */

/* Begin XCBuildConfiguration section */
		6DD0A09E24017DC700F73A37 /* Debug */ = {
			isa = XCBuildConfiguration;
			buildSettings = {
				ALWAYS_SEARCH_USER_PATHS = NO;
				CLANG_ANALYZER_NONNULL = YES;
				CLANG_ANALYZER_NUMBER_OBJECT_CONVERSION = YES_AGGRESSIVE;
				CLANG_CXX_LANGUAGE_STANDARD = "gnu++14";
				CLANG_CXX_LIBRARY = "libc++";
				CLANG_ENABLE_MODULES = YES;
				CLANG_ENABLE_OBJC_ARC = YES;
				CLANG_ENABLE_OBJC_WEAK = YES;
				CLANG_WARN_BLOCK_CAPTURE_AUTORELEASING = YES;
				CLANG_WARN_BOOL_CONVERSION = YES;
				CLANG_WARN_COMMA = YES;
				CLANG_WARN_CONSTANT_CONVERSION = YES;
				CLANG_WARN_DEPRECATED_OBJC_IMPLEMENTATIONS = YES;
				CLANG_WARN_DIRECT_OBJC_ISA_USAGE = YES_ERROR;
				CLANG_WARN_DOCUMENTATION_COMMENTS = YES;
				CLANG_WARN_EMPTY_BODY = YES;
				CLANG_WARN_ENUM_CONVERSION = YES;
				CLANG_WARN_INFINITE_RECURSION = YES;
				CLANG_WARN_INT_CONVERSION = YES;
				CLANG_WARN_NON_LITERAL_NULL_CONVERSION = YES;
				CLANG_WARN_OBJC_IMPLICIT_RETAIN_SELF = YES;
				CLANG_WARN_OBJC_LITERAL_CONVERSION = YES;
				CLANG_WARN_OBJC_ROOT_CLASS = YES_ERROR;
				CLANG_WARN_RANGE_LOOP_ANALYSIS = YES;
				CLANG_WARN_STRICT_PROTOTYPES = YES;
				CLANG_WARN_SUSPICIOUS_MOVE = YES;
				CLANG_WARN_UNGUARDED_AVAILABILITY = YES_AGGRESSIVE;
				CLANG_WARN_UNREACHABLE_CODE = YES;
				CLANG_WARN__DUPLICATE_METHOD_MATCH = YES;
				COPY_PHASE_STRIP = NO;
				CURRENT_PROJECT_VERSION = 1;
				DEBUG_INFORMATION_FORMAT = dwarf;
				ENABLE_STRICT_OBJC_MSGSEND = YES;
				ENABLE_TESTABILITY = YES;
				GCC_C_LANGUAGE_STANDARD = gnu11;
				GCC_DYNAMIC_NO_PIC = NO;
				GCC_NO_COMMON_BLOCKS = YES;
				GCC_OPTIMIZATION_LEVEL = 0;
				GCC_PREPROCESSOR_DEFINITIONS = (
					"DEBUG=1",
					"$(inherited)",
				);
				GCC_WARN_64_TO_32_BIT_CONVERSION = YES;
				GCC_WARN_ABOUT_RETURN_TYPE = YES_ERROR;
				GCC_WARN_UNDECLARED_SELECTOR = YES;
				GCC_WARN_UNINITIALIZED_AUTOS = YES_AGGRESSIVE;
				GCC_WARN_UNUSED_FUNCTION = YES;
				GCC_WARN_UNUSED_VARIABLE = YES;
				IPHONEOS_DEPLOYMENT_TARGET = 13.2;
				MTL_ENABLE_DEBUG_INFO = INCLUDE_SOURCE;
				MTL_FAST_MATH = YES;
				ONLY_ACTIVE_ARCH = YES;
				SDKROOT = iphoneos;
				VERSIONING_SYSTEM = "apple-generic";
				VERSION_INFO_PREFIX = "";
			};
			name = Debug;
		};
		6DD0A09F24017DC700F73A37 /* Release */ = {
			isa = XCBuildConfiguration;
			buildSettings = {
				ALWAYS_SEARCH_USER_PATHS = NO;
				CLANG_ANALYZER_NONNULL = YES;
				CLANG_ANALYZER_NUMBER_OBJECT_CONVERSION = YES_AGGRESSIVE;
				CLANG_CXX_LANGUAGE_STANDARD = "gnu++14";
				CLANG_CXX_LIBRARY = "libc++";
				CLANG_ENABLE_MODULES = YES;
				CLANG_ENABLE_OBJC_ARC = YES;
				CLANG_ENABLE_OBJC_WEAK = YES;
				CLANG_WARN_BLOCK_CAPTURE_AUTORELEASING = YES;
				CLANG_WARN_BOOL_CONVERSION = YES;
				CLANG_WARN_COMMA = YES;
				CLANG_WARN_CONSTANT_CONVERSION = YES;
				CLANG_WARN_DEPRECATED_OBJC_IMPLEMENTATIONS = YES;
				CLANG_WARN_DIRECT_OBJC_ISA_USAGE = YES_ERROR;
				CLANG_WARN_DOCUMENTATION_COMMENTS = YES;
				CLANG_WARN_EMPTY_BODY = YES;
				CLANG_WARN_ENUM_CONVERSION = YES;
				CLANG_WARN_INFINITE_RECURSION = YES;
				CLANG_WARN_INT_CONVERSION = YES;
				CLANG_WARN_NON_LITERAL_NULL_CONVERSION = YES;
				CLANG_WARN_OBJC_IMPLICIT_RETAIN_SELF = YES;
				CLANG_WARN_OBJC_LITERAL_CONVERSION = YES;
				CLANG_WARN_OBJC_ROOT_CLASS = YES_ERROR;
				CLANG_WARN_RANGE_LOOP_ANALYSIS = YES;
				CLANG_WARN_STRICT_PROTOTYPES = YES;
				CLANG_WARN_SUSPICIOUS_MOVE = YES;
				CLANG_WARN_UNGUARDED_AVAILABILITY = YES_AGGRESSIVE;
				CLANG_WARN_UNREACHABLE_CODE = YES;
				CLANG_WARN__DUPLICATE_METHOD_MATCH = YES;
				COPY_PHASE_STRIP = NO;
				CURRENT_PROJECT_VERSION = 1;
				DEBUG_INFORMATION_FORMAT = "dwarf-with-dsym";
				ENABLE_NS_ASSERTIONS = NO;
				ENABLE_STRICT_OBJC_MSGSEND = YES;
				GCC_C_LANGUAGE_STANDARD = gnu11;
				GCC_NO_COMMON_BLOCKS = YES;
				GCC_WARN_64_TO_32_BIT_CONVERSION = YES;
				GCC_WARN_ABOUT_RETURN_TYPE = YES_ERROR;
				GCC_WARN_UNDECLARED_SELECTOR = YES;
				GCC_WARN_UNINITIALIZED_AUTOS = YES_AGGRESSIVE;
				GCC_WARN_UNUSED_FUNCTION = YES;
				GCC_WARN_UNUSED_VARIABLE = YES;
				IPHONEOS_DEPLOYMENT_TARGET = 13.2;
				MTL_ENABLE_DEBUG_INFO = NO;
				MTL_FAST_MATH = YES;
				SDKROOT = iphoneos;
				VALIDATE_PRODUCT = YES;
				VERSIONING_SYSTEM = "apple-generic";
				VERSION_INFO_PREFIX = "";
			};
			name = Release;
		};
		6DD0A0A124017DC700F73A37 /* Debug */ = {
			isa = XCBuildConfiguration;
			buildSettings = {
				CODE_SIGN_STYLE = Automatic;
				DEFINES_MODULE = YES;
				DYLIB_COMPATIBILITY_VERSION = 1;
				DYLIB_CURRENT_VERSION = 1;
				DYLIB_INSTALL_NAME_BASE = "@rpath";
				GCC_PREFIX_HEADER = "${TARGET_NAME}/PrefixHeader.pch";
				INFOPLIST_FILE = "MUH-FRAMEWORK-NAME/Info.plist";
				INSTALL_PATH = "$(LOCAL_LIBRARY_DIR)/Frameworks";
				LD_RUNPATH_SEARCH_PATHS = (
					"$(inherited)",
					"@executable_path/Frameworks",
					"@loader_path/Frameworks",
				);
				PRODUCT_BUNDLE_IDENTIFIER = "MUH-ORGANIZATION-IDENTIFIER.MUH-FRAMEWORK-NAME";
				PRODUCT_NAME = "$(TARGET_NAME:c99extidentifier)";
				SKIP_INSTALL = YES;
				TARGETED_DEVICE_FAMILY = "1,2";
			};
			name = Debug;
		};
		6DD0A0A224017DC700F73A37 /* Release */ = {
			isa = XCBuildConfiguration;
			buildSettings = {
				CODE_SIGN_STYLE = Automatic;
				DEFINES_MODULE = YES;
				DYLIB_COMPATIBILITY_VERSION = 1;
				DYLIB_CURRENT_VERSION = 1;
				DYLIB_INSTALL_NAME_BASE = "@rpath";
				GCC_PREFIX_HEADER = "${TARGET_NAME}/PrefixHeader.pch";
				INFOPLIST_FILE = "MUH-FRAMEWORK-NAME/Info.plist";
				INSTALL_PATH = "$(LOCAL_LIBRARY_DIR)/Frameworks";
				LD_RUNPATH_SEARCH_PATHS = (
					"$(inherited)",
					"@executable_path/Frameworks",
					"@loader_path/Frameworks",
				);
				PRODUCT_BUNDLE_IDENTIFIER = "MUH-ORGANIZATION-IDENTIFIER.MUH-FRAMEWORK-NAME";
				PRODUCT_NAME = "$(TARGET_NAME:c99extidentifier)";
				SKIP_INSTALL = YES;
				TARGETED_DEVICE_FAMILY = "1,2";
			};
			name = Release;
		};
		6DD0A0BE24017DEA00F73A37 /* Debug */ = {
			isa = XCBuildConfiguration;
			buildSettings = {
				ASSETCATALOG_COMPILER_APPICON_NAME = AppIcon;
				CODE_SIGN_STYLE = Automatic;
				CURRENT_PROJECT_VERSION = "MUH-APP-BUNDLE-VERSION";
				INFOPLIST_FILE = "MUH-APP-NAME/Info.plist";
				LD_RUNPATH_SEARCH_PATHS = (
					"$(inherited)",
					"@executable_path/Frameworks",
				);
				MARKETING_VERSION = "MUH-APP-BUNDLE-SHORT-VERSION";
				PRODUCT_BUNDLE_IDENTIFIER = "MUH-APP-BUNDLE-IDENTIFIER";
				PRODUCT_NAME = "$(TARGET_NAME)";
				TARGETED_DEVICE_FAMILY = "1,2";
			};
			name = Debug;
		};
		6DD0A0BF24017DEA00F73A37 /* Release */ = {
			isa = XCBuildConfiguration;
			buildSettings = {
				ASSETCATALOG_COMPILER_APPICON_NAME = AppIcon;
				CODE_SIGN_STYLE = Automatic;
				CURRENT_PROJECT_VERSION = "MUH-APP-BUNDLE-VERSION";
				INFOPLIST_FILE = "MUH-APP-NAME/Info.plist";
				LD_RUNPATH_SEARCH_PATHS = (
					"$(inherited)",
					"@executable_path/Frameworks",
				);
				MARKETING_VERSION = "MUH-APP-BUNDLE-SHORT-VERSION";
				PRODUCT_BUNDLE_IDENTIFIER = "MUH-APP-BUNDLE-IDENTIFIER";
				PRODUCT_NAME = "$(TARGET_NAME)";
				TARGETED_DEVICE_FAMILY = "1,2";
			};
			name = Release;
		};
/* End XCBuildConfiguration section */

/* Begin XCConfigurationList section */
		6DD0A09224017DC700F73A37 /* Build configuration list for PBXProject "MUH-FRAMEWORK-NAME" */ = {
			isa = XCConfigurationList;
			buildConfigurations = (
				6DD0A09E24017DC700F73A37 /* Debug */,
				6DD0A09F24017DC700F73A37 /* Release */,
			);
			defaultConfigurationIsVisible = 0;
			defaultConfigurationName = Release;
		};
		6DD0A0A024017DC700F73A37 /* Build configuration list for PBXNativeTarget "MUH-FRAMEWORK-NAME" */ = {
			isa = XCConfigurationList;
			buildConfigurations = (
				6DD0A0A124017DC700F73A37 /* Debug */,
				6DD0A0A224017DC700F73A37 /* Release */,
			);
			defaultConfigurationIsVisible = 0;
			defaultConfigurationName = Release;
		};
		6DD0A0BD24017DEA00F73A37 /* Build configuration list for PBXNativeTarget "MUH-APP-NAME" */ = {
			isa = XCConfigurationList;
			buildConfigurations = (
				6DD0A0BE24017DEA00F73A37 /* Debug */,
				6DD0A0BF24017DEA00F73A37 /* Release */,
			);
			defaultConfigurationIsVisible = 0;
			defaultConfigurationName = Release;
		};
/* End XCConfigurationList section */
	};
	rootObject = 6DD0A08F24017DC700F73A37 /* Project object */;
}
